
Microsoft Visual Studio Solution File, Format Version 12.00
# Visual Studio Version 16
VisualStudioVersion = 16.0.31729.503
MinimumVisualStudioVersion = 10.0.40219.1
Project("{FAE04EC0-301F-11D3-BF4B-00C04F79EFBC}") = "Menu_and_game_screen", "Menu_and_game_screen.csproj", "{3248B701-4152-49CD-8B83-CEFA26380D3F}"
EndProject
Global
	GlobalSection(SolutionConfigurationPlatforms) = preSolution
		Debug|Any CPU = Debug|Any CPU
		Release|Any CPU = Release|Any CPU
	EndGlobalSection
	GlobalSection(ProjectConfigurationPlatforms) = postSolution
		{3248B701-4152-49CD-8B83-CEFA26380D3F}.Debug|Any CPU.ActiveCfg = Debug|Any CPU
		{3248B701-4152-49CD-8B83-CEFA26380D3F}.Debug|Any CPU.Build.0 = Debug|Any CPU
		{3248B701-4152-49CD-8B83-CEFA26380D3F}.Release|Any CPU.ActiveCfg = Release|Any CPU
		{3248B701-4152-49CD-8B83-CEFA26380D3F}.Release|Any CPU.Build.0 = Release|Any CPU
	EndGlobalSection
	GlobalSection(SolutionProperties) = preSolution
		HideSolutionNode = FALSE
	EndGlobalSection
	GlobalSection(ExtensibilityGlobals) = postSolution
		SolutionGuid = {BC5DCF8E-45EE-4FA1-9FF6-9D936D7979D2}
	EndGlobalSection
EndGlobal
